
Microsoft Visual Studio Solution File, Format Version 12.00
# Visual Studio Version 16
VisualStudioVersion = 16.0.32228.343
MinimumVisualStudioVersion = 10.0.40219.1
Project("{8BC9CEB8-8B4A-11D0-8D11-00A0C91BC942}") = "Project_Test", "Project_Test\Project_Test.vcxproj", "{34BFFDD5-5A92-4F32-8D65-3D1CDBCC9764}"
EndProject
Global
	GlobalSection(SolutionConfigurationPlatforms) = preSolution
		Debug|x64 = Debug|x64
		Debug|x86 = Debug|x86
		Release|x64 = Release|x64
		Release|x86 = Release|x86
	EndGlobalSection
	GlobalSection(ProjectConfigurationPlatforms) = postSolution
		{34BFFDD5-5A92-4F32-8D65-3D1CDBCC9764}.Debug|x64.ActiveCfg = Debug|x64
		{34BFFDD5-5A92-4F32-8D65-3D1CDBCC9764}.Debug|x64.Build.0 = Debug|x64
		{34BFFDD5-5A92-4F32-8D65-3D1CDBCC9764}.Debug|x86.ActiveCfg = Debug|Win32
		{34BFFDD5-5A92-4F32-8D65-3D1CDBCC9764}.Debug|x86.Build.0 = Debug|Win32
		{34BFFDD5-5A92-4F32-8D65-3D1CDBCC9764}.Release|x64.ActiveCfg = Release|x64
		{34BFFDD5-5A92-4F32-8D65-3D1CDBCC9764}.Release|x64.Build.0 = Release|x64
		{34BFFDD5-5A92-4F32-8D65-3D1CDBCC9764}.Release|x86.ActiveCfg = Release|Win32
		{34BFFDD5-5A92-4F32-8D65-3D1CDBCC9764}.Release|x86.Build.0 = Release|Win32
	EndGlobalSection
	GlobalSection(SolutionProperties) = preSolution
		HideSolutionNode = FALSE
	EndGlobalSection
	GlobalSection(ExtensibilityGlobals) = postSolution
		SolutionGuid = {FCC9CE98-2EFA-4728-9B96-290CB0ADC624}
	EndGlobalSection
EndGlobal
